{
  "name": "gatsby-starter-netlify-cms",
  "version": "1.1.1",
  "lockfileVersion": 1,
  "requires": true,
  "dependencies": {
    "@types/react": {
      "version": "16.3.2",
      "resolved": "https://registry.npmjs.org/@types/react/-/react-16.3.2.tgz",
      "integrity": "sha512-w4HjwKDFYW7ZsGOUVx6WB8Pw1oyILQ9emVr16TxbvfpJGNmDUzZ7qLZJyEdu87Ot8mO3u4K93Wn4FT+X02SLHA=="
    },
    "@types/react-helmet": {
      "version": "5.0.5",
      "resolved": "https://registry.npmjs.org/@types/react-helmet/-/react-helmet-5.0.5.tgz",
      "integrity": "sha512-yyQqVejED8GGQ5BpHw0iO87EzwrxcGfjJL5AU2NrQXN8kDrQ0VxLtvzEUOMxXS4pJAyOVFsTvdt9izdCm4tlcw==",
      "requires": {
        "@types/react": "16.3.2"
      }
    }
  }
}
